
Microsoft Visual Studio Solution File, Format Version 12.00
# Visual Studio Version 16
VisualStudioVersion = 16.0.31702.278
MinimumVisualStudioVersion = 10.0.40219.1
Project("{9A19103F-16F7-4668-BE54-9A1E7A4F7556}") = "task.manager.api", "task.manager.Api\task.manager.api.csproj", "{414C99E9-DA8B-47E4-B75D-DBACC4A95E20}"
EndProject
Project("{9A19103F-16F7-4668-BE54-9A1E7A4F7556}") = "task.manager.data", "task.manager.Data\task.manager.data.csproj", "{4E5DDC3D-D5CF-4CAE-B7E9-21127BDD6152}"
EndProject
Project("{FAE04EC0-301F-11D3-BF4B-00C04F79EFBC}") = "task.manager.tests", "task.manager.tests\task.manager.tests.csproj", "{34F990F3-F9CA-417E-9ABA-AC694424E975}"
EndProject
Global
	GlobalSection(SolutionConfigurationPlatforms) = preSolution
		Debug|Any CPU = Debug|Any CPU
		Release|Any CPU = Release|Any CPU
	EndGlobalSection
	GlobalSection(ProjectConfigurationPlatforms) = postSolution
		{414C99E9-DA8B-47E4-B75D-DBACC4A95E20}.Debug|Any CPU.ActiveCfg = Debug|Any CPU
		{414C99E9-DA8B-47E4-B75D-DBACC4A95E20}.Debug|Any CPU.Build.0 = Debug|Any CPU
		{414C99E9-DA8B-47E4-B75D-DBACC4A95E20}.Release|Any CPU.ActiveCfg = Release|Any CPU
		{414C99E9-DA8B-47E4-B75D-DBACC4A95E20}.Release|Any CPU.Build.0 = Release|Any CPU
		{4E5DDC3D-D5CF-4CAE-B7E9-21127BDD6152}.Debug|Any CPU.ActiveCfg = Debug|Any CPU
		{4E5DDC3D-D5CF-4CAE-B7E9-21127BDD6152}.Debug|Any CPU.Build.0 = Debug|Any CPU
		{4E5DDC3D-D5CF-4CAE-B7E9-21127BDD6152}.Release|Any CPU.ActiveCfg = Release|Any CPU
		{4E5DDC3D-D5CF-4CAE-B7E9-21127BDD6152}.Release|Any CPU.Build.0 = Release|Any CPU
		{34F990F3-F9CA-417E-9ABA-AC694424E975}.Debug|Any CPU.ActiveCfg = Debug|Any CPU
		{34F990F3-F9CA-417E-9ABA-AC694424E975}.Debug|Any CPU.Build.0 = Debug|Any CPU
		{34F990F3-F9CA-417E-9ABA-AC694424E975}.Release|Any CPU.ActiveCfg = Release|Any CPU
		{34F990F3-F9CA-417E-9ABA-AC694424E975}.Release|Any CPU.Build.0 = Release|Any CPU
	EndGlobalSection
	GlobalSection(SolutionProperties) = preSolution
		HideSolutionNode = FALSE
	EndGlobalSection
	GlobalSection(ExtensibilityGlobals) = postSolution
		SolutionGuid = {44BCD518-CAF4-41D5-8C48-2A18FFA8071F}
	EndGlobalSection
EndGlobal
